
Microsoft Visual Studio Solution File, Format Version 12.00
# Visual Studio 15
VisualStudioVersion = 15.0.28010.2016
MinimumVisualStudioVersion = 10.0.40219.1
Project("{FAE04EC0-301F-11D3-BF4B-00C04F79EFBC}") = "testi", "testi\testi.csproj", "{D3F936AA-5DBF-4CB2-9CA2-4470C86C46A7}"
EndProject
Global
	GlobalSection(SolutionConfigurationPlatforms) = preSolution
		Debug|Any CPU = Debug|Any CPU
		Release|Any CPU = Release|Any CPU
	EndGlobalSection
	GlobalSection(ProjectConfigurationPlatforms) = postSolution
		{D3F936AA-5DBF-4CB2-9CA2-4470C86C46A7}.Debug|Any CPU.ActiveCfg = Debug|Any CPU
		{D3F936AA-5DBF-4CB2-9CA2-4470C86C46A7}.Debug|Any CPU.Build.0 = Debug|Any CPU
		{D3F936AA-5DBF-4CB2-9CA2-4470C86C46A7}.Release|Any CPU.ActiveCfg = Release|Any CPU
		{D3F936AA-5DBF-4CB2-9CA2-4470C86C46A7}.Release|Any CPU.Build.0 = Release|Any CPU
	EndGlobalSection
	GlobalSection(SolutionProperties) = preSolution
		HideSolutionNode = FALSE
	EndGlobalSection
	GlobalSection(ExtensibilityGlobals) = postSolution
		SolutionGuid = {848A4BBB-F5E1-4C7C-A0A3-3210FFF1A7C3}
	EndGlobalSection
EndGlobal
