
Microsoft Visual Studio Solution File, Format Version 12.00
# Visual Studio 15
VisualStudioVersion = 15.0.28010.2016
MinimumVisualStudioVersion = 10.0.40219.1
Project("{FAE04EC0-301F-11D3-BF4B-00C04F79EFBC}") = "HetuGenerator", "HetuGenerator\HetuGenerator.csproj", "{369FFEA8-B218-4FAE-9CC0-9FA35E880045}"
EndProject
Global
	GlobalSection(SolutionConfigurationPlatforms) = preSolution
		Debug|Any CPU = Debug|Any CPU
		Release|Any CPU = Release|Any CPU
	EndGlobalSection
	GlobalSection(ProjectConfigurationPlatforms) = postSolution
		{369FFEA8-B218-4FAE-9CC0-9FA35E880045}.Debug|Any CPU.ActiveCfg = Debug|Any CPU
		{369FFEA8-B218-4FAE-9CC0-9FA35E880045}.Debug|Any CPU.Build.0 = Debug|Any CPU
		{369FFEA8-B218-4FAE-9CC0-9FA35E880045}.Release|Any CPU.ActiveCfg = Release|Any CPU
		{369FFEA8-B218-4FAE-9CC0-9FA35E880045}.Release|Any CPU.Build.0 = Release|Any CPU
	EndGlobalSection
	GlobalSection(SolutionProperties) = preSolution
		HideSolutionNode = FALSE
	EndGlobalSection
	GlobalSection(ExtensibilityGlobals) = postSolution
		SolutionGuid = {F0EA33E5-8412-4368-BE29-7627FFC15E18}
	EndGlobalSection
EndGlobal
