
Microsoft Visual Studio Solution File, Format Version 12.00
# Visual Studio 15
VisualStudioVersion = 15.0.28010.2016
MinimumVisualStudioVersion = 10.0.40219.1
Project("{FAE04EC0-301F-11D3-BF4B-00C04F79EFBC}") = "LoopTask4_5", "LoopTask4_5\LoopTask4_5.csproj", "{D43DB754-1701-4C60-B93F-7A390072281B}"
EndProject
Global
	GlobalSection(SolutionConfigurationPlatforms) = preSolution
		Debug|Any CPU = Debug|Any CPU
		Release|Any CPU = Release|Any CPU
	EndGlobalSection
	GlobalSection(ProjectConfigurationPlatforms) = postSolution
		{D43DB754-1701-4C60-B93F-7A390072281B}.Debug|Any CPU.ActiveCfg = Debug|Any CPU
		{D43DB754-1701-4C60-B93F-7A390072281B}.Debug|Any CPU.Build.0 = Debug|Any CPU
		{D43DB754-1701-4C60-B93F-7A390072281B}.Release|Any CPU.ActiveCfg = Release|Any CPU
		{D43DB754-1701-4C60-B93F-7A390072281B}.Release|Any CPU.Build.0 = Release|Any CPU
	EndGlobalSection
	GlobalSection(SolutionProperties) = preSolution
		HideSolutionNode = FALSE
	EndGlobalSection
	GlobalSection(ExtensibilityGlobals) = postSolution
		SolutionGuid = {55414433-4073-490F-9A3E-7AA59207241B}
	EndGlobalSection
EndGlobal
