
Microsoft Visual Studio Solution File, Format Version 12.00
# Visual Studio 15
VisualStudioVersion = 15.0.28010.2016
MinimumVisualStudioVersion = 10.0.40219.1
Project("{FAE04EC0-301F-11D3-BF4B-00C04F79EFBC}") = "FunctionTask4", "FunctionTask4\FunctionTask4.csproj", "{1697EEAD-8604-4D25-B673-6EB3BCCFC231}"
EndProject
Global
	GlobalSection(SolutionConfigurationPlatforms) = preSolution
		Debug|Any CPU = Debug|Any CPU
		Release|Any CPU = Release|Any CPU
	EndGlobalSection
	GlobalSection(ProjectConfigurationPlatforms) = postSolution
		{1697EEAD-8604-4D25-B673-6EB3BCCFC231}.Debug|Any CPU.ActiveCfg = Debug|Any CPU
		{1697EEAD-8604-4D25-B673-6EB3BCCFC231}.Debug|Any CPU.Build.0 = Debug|Any CPU
		{1697EEAD-8604-4D25-B673-6EB3BCCFC231}.Release|Any CPU.ActiveCfg = Release|Any CPU
		{1697EEAD-8604-4D25-B673-6EB3BCCFC231}.Release|Any CPU.Build.0 = Release|Any CPU
	EndGlobalSection
	GlobalSection(SolutionProperties) = preSolution
		HideSolutionNode = FALSE
	EndGlobalSection
	GlobalSection(ExtensibilityGlobals) = postSolution
		SolutionGuid = {A5ACB3B2-F50E-44C6-8BFB-198F8749999E}
	EndGlobalSection
EndGlobal
