
Microsoft Visual Studio Solution File, Format Version 12.00
# Visual Studio 15
VisualStudioVersion = 15.0.28010.2016
MinimumVisualStudioVersion = 10.0.40219.1
Project("{FAE04EC0-301F-11D3-BF4B-00C04F79EFBC}") = "StringTask1", "StringTask1\StringTask1.csproj", "{308CBC7B-5F80-4E19-A7C6-5E2A362E82C0}"
EndProject
Global
	GlobalSection(SolutionConfigurationPlatforms) = preSolution
		Debug|Any CPU = Debug|Any CPU
		Release|Any CPU = Release|Any CPU
	EndGlobalSection
	GlobalSection(ProjectConfigurationPlatforms) = postSolution
		{308CBC7B-5F80-4E19-A7C6-5E2A362E82C0}.Debug|Any CPU.ActiveCfg = Debug|Any CPU
		{308CBC7B-5F80-4E19-A7C6-5E2A362E82C0}.Debug|Any CPU.Build.0 = Debug|Any CPU
		{308CBC7B-5F80-4E19-A7C6-5E2A362E82C0}.Release|Any CPU.ActiveCfg = Release|Any CPU
		{308CBC7B-5F80-4E19-A7C6-5E2A362E82C0}.Release|Any CPU.Build.0 = Release|Any CPU
	EndGlobalSection
	GlobalSection(SolutionProperties) = preSolution
		HideSolutionNode = FALSE
	EndGlobalSection
	GlobalSection(ExtensibilityGlobals) = postSolution
		SolutionGuid = {740B56DD-DC41-4A22-B744-1F316C82E873}
	EndGlobalSection
EndGlobal
