
Microsoft Visual Studio Solution File, Format Version 12.00
# Visual Studio 15
VisualStudioVersion = 15.0.28010.2016
MinimumVisualStudioVersion = 10.0.40219.1
Project("{FAE04EC0-301F-11D3-BF4B-00C04F79EFBC}") = "IfTask1", "IfTask1\IfTask1.csproj", "{05051010-B20A-45F6-9662-8AC889F93E40}"
EndProject
Global
	GlobalSection(SolutionConfigurationPlatforms) = preSolution
		Debug|Any CPU = Debug|Any CPU
		Release|Any CPU = Release|Any CPU
	EndGlobalSection
	GlobalSection(ProjectConfigurationPlatforms) = postSolution
		{05051010-B20A-45F6-9662-8AC889F93E40}.Debug|Any CPU.ActiveCfg = Debug|Any CPU
		{05051010-B20A-45F6-9662-8AC889F93E40}.Debug|Any CPU.Build.0 = Debug|Any CPU
		{05051010-B20A-45F6-9662-8AC889F93E40}.Release|Any CPU.ActiveCfg = Release|Any CPU
		{05051010-B20A-45F6-9662-8AC889F93E40}.Release|Any CPU.Build.0 = Release|Any CPU
	EndGlobalSection
	GlobalSection(SolutionProperties) = preSolution
		HideSolutionNode = FALSE
	EndGlobalSection
	GlobalSection(ExtensibilityGlobals) = postSolution
		SolutionGuid = {B7FF3BA6-18F7-4113-8539-B8DDAA59D5F3}
	EndGlobalSection
EndGlobal
