
Microsoft Visual Studio Solution File, Format Version 12.00
# Visual Studio 15
VisualStudioVersion = 15.0.28010.2016
MinimumVisualStudioVersion = 10.0.40219.1
Project("{FAE04EC0-301F-11D3-BF4B-00C04F79EFBC}") = "LoopTask3_4", "LoopTask3_4\LoopTask3_4.csproj", "{96D69F17-88A3-435B-84B7-CFD03DDC609C}"
EndProject
Global
	GlobalSection(SolutionConfigurationPlatforms) = preSolution
		Debug|Any CPU = Debug|Any CPU
		Release|Any CPU = Release|Any CPU
	EndGlobalSection
	GlobalSection(ProjectConfigurationPlatforms) = postSolution
		{96D69F17-88A3-435B-84B7-CFD03DDC609C}.Debug|Any CPU.ActiveCfg = Debug|Any CPU
		{96D69F17-88A3-435B-84B7-CFD03DDC609C}.Debug|Any CPU.Build.0 = Debug|Any CPU
		{96D69F17-88A3-435B-84B7-CFD03DDC609C}.Release|Any CPU.ActiveCfg = Release|Any CPU
		{96D69F17-88A3-435B-84B7-CFD03DDC609C}.Release|Any CPU.Build.0 = Release|Any CPU
	EndGlobalSection
	GlobalSection(SolutionProperties) = preSolution
		HideSolutionNode = FALSE
	EndGlobalSection
	GlobalSection(ExtensibilityGlobals) = postSolution
		SolutionGuid = {8F5FEACB-FB4D-4082-9A71-6A4E2B77FE69}
	EndGlobalSection
EndGlobal
