
Microsoft Visual Studio Solution File, Format Version 12.00
# Visual Studio 15
VisualStudioVersion = 15.0.28010.2016
MinimumVisualStudioVersion = 10.0.40219.1
Project("{FAE04EC0-301F-11D3-BF4B-00C04F79EFBC}") = "LoopTask4_3", "LoopTask4_3\LoopTask4_3.csproj", "{80080487-8ADB-44BF-B3F1-2D3D98E65BD1}"
EndProject
Global
	GlobalSection(SolutionConfigurationPlatforms) = preSolution
		Debug|Any CPU = Debug|Any CPU
		Release|Any CPU = Release|Any CPU
	EndGlobalSection
	GlobalSection(ProjectConfigurationPlatforms) = postSolution
		{80080487-8ADB-44BF-B3F1-2D3D98E65BD1}.Debug|Any CPU.ActiveCfg = Debug|Any CPU
		{80080487-8ADB-44BF-B3F1-2D3D98E65BD1}.Debug|Any CPU.Build.0 = Debug|Any CPU
		{80080487-8ADB-44BF-B3F1-2D3D98E65BD1}.Release|Any CPU.ActiveCfg = Release|Any CPU
		{80080487-8ADB-44BF-B3F1-2D3D98E65BD1}.Release|Any CPU.Build.0 = Release|Any CPU
	EndGlobalSection
	GlobalSection(SolutionProperties) = preSolution
		HideSolutionNode = FALSE
	EndGlobalSection
	GlobalSection(ExtensibilityGlobals) = postSolution
		SolutionGuid = {1335BAB4-43AB-4368-B3DE-65EA2334136B}
	EndGlobalSection
EndGlobal
